
Microsoft Visual Studio Solution File, Format Version 12.00
# Visual Studio 15
VisualStudioVersion = 15.0.27703.2026
MinimumVisualStudioVersion = 10.0.40219.1
Project("{9A19103F-16F7-4668-BE54-9A1E7A4F7556}") = "MvcDynamicDropdownList", "MvcDynamicDropdownList\MvcDynamicDropdownList.csproj", "{5D522773-4E6A-4809-9E80-BF7DF9019430}"
EndProject
Project("{2150E333-8FDC-42A3-9474-1A3956D46DE8}") = "Solution Items", "Solution Items", "{416D37A7-BC86-487F-886F-2F960AB0639A}"
	ProjectSection(SolutionItems) = preProject
		README.md = README.md
	EndProjectSection
EndProject
Global
	GlobalSection(SolutionConfigurationPlatforms) = preSolution
		Debug|Any CPU = Debug|Any CPU
		Release|Any CPU = Release|Any CPU
	EndGlobalSection
	GlobalSection(ProjectConfigurationPlatforms) = postSolution
		{5D522773-4E6A-4809-9E80-BF7DF9019430}.Debug|Any CPU.ActiveCfg = Debug|Any CPU
		{5D522773-4E6A-4809-9E80-BF7DF9019430}.Debug|Any CPU.Build.0 = Debug|Any CPU
		{5D522773-4E6A-4809-9E80-BF7DF9019430}.Release|Any CPU.ActiveCfg = Release|Any CPU
		{5D522773-4E6A-4809-9E80-BF7DF9019430}.Release|Any CPU.Build.0 = Release|Any CPU
	EndGlobalSection
	GlobalSection(SolutionProperties) = preSolution
		HideSolutionNode = FALSE
	EndGlobalSection
	GlobalSection(ExtensibilityGlobals) = postSolution
		SolutionGuid = {ECD04A78-6115-480C-B30F-58278C826ACC}
	EndGlobalSection
EndGlobal
